
Microsoft Visual Studio Solution File, Format Version 12.00
# Visual Studio Version 17
VisualStudioVersion = 17.0.31903.59
MinimumVisualStudioVersion = 10.0.40219.1
Project("{2150E333-8FDC-42A3-9474-1A3956D46DE8}") = "src", "src", "{BB7DF96F-8639-48DB-876A-89F390F651EF}"
EndProject
Project("{FAE04EC0-301F-11D3-BF4B-00C04F79EFBC}") = "AuctionService", "src\AuctionService\AuctionService.csproj", "{4AA1134A-F432-48A0-8CDE-8F67DF674ECF}"
EndProject
Project("{FAE04EC0-301F-11D3-BF4B-00C04F79EFBC}") = "SearchService", "src\SearchService\SearchService.csproj", "{24A94EC0-B657-4886-A088-20FE451E5B10}"
EndProject
Project("{FAE04EC0-301F-11D3-BF4B-00C04F79EFBC}") = "Contracts", "src\Contracts\Contracts.csproj", "{12D7CE9E-1DA8-42A8-9056-77B7608F4C18}"
EndProject
Project("{FAE04EC0-301F-11D3-BF4B-00C04F79EFBC}") = "IdentityService", "src\IdentityService\IdentityService.csproj", "{76EBF8CF-C46A-4D10-8517-1833DC7B7C8A}"
EndProject
Project("{FAE04EC0-301F-11D3-BF4B-00C04F79EFBC}") = "GatewayService", "src\GatewayService\GatewayService.csproj", "{551325C1-7A31-4F5F-8417-0B596F49CDD7}"
EndProject
Project("{2150E333-8FDC-42A3-9474-1A3956D46DE8}") = "tests", "tests", "{C8A94D59-AF6A-4F15-95A9-C63F9F63812B}"
EndProject
Project("{FAE04EC0-301F-11D3-BF4B-00C04F79EFBC}") = "AuctionService.UnitTests", "tests\AuctionService.UnitTests\AuctionService.UnitTests.csproj", "{230402D5-0E2A-4B8B-96AC-FE233AD80F2F}"
EndProject
Global
	GlobalSection(SolutionConfigurationPlatforms) = preSolution
		Debug|Any CPU = Debug|Any CPU
		Release|Any CPU = Release|Any CPU
	EndGlobalSection
	GlobalSection(SolutionProperties) = preSolution
		HideSolutionNode = FALSE
	EndGlobalSection
	GlobalSection(ProjectConfigurationPlatforms) = postSolution
		{4AA1134A-F432-48A0-8CDE-8F67DF674ECF}.Debug|Any CPU.ActiveCfg = Debug|Any CPU
		{4AA1134A-F432-48A0-8CDE-8F67DF674ECF}.Debug|Any CPU.Build.0 = Debug|Any CPU
		{4AA1134A-F432-48A0-8CDE-8F67DF674ECF}.Release|Any CPU.ActiveCfg = Release|Any CPU
		{4AA1134A-F432-48A0-8CDE-8F67DF674ECF}.Release|Any CPU.Build.0 = Release|Any CPU
		{24A94EC0-B657-4886-A088-20FE451E5B10}.Debug|Any CPU.ActiveCfg = Debug|Any CPU
		{24A94EC0-B657-4886-A088-20FE451E5B10}.Debug|Any CPU.Build.0 = Debug|Any CPU
		{24A94EC0-B657-4886-A088-20FE451E5B10}.Release|Any CPU.ActiveCfg = Release|Any CPU
		{24A94EC0-B657-4886-A088-20FE451E5B10}.Release|Any CPU.Build.0 = Release|Any CPU
		{12D7CE9E-1DA8-42A8-9056-77B7608F4C18}.Debug|Any CPU.ActiveCfg = Debug|Any CPU
		{12D7CE9E-1DA8-42A8-9056-77B7608F4C18}.Debug|Any CPU.Build.0 = Debug|Any CPU
		{12D7CE9E-1DA8-42A8-9056-77B7608F4C18}.Release|Any CPU.ActiveCfg = Release|Any CPU
		{12D7CE9E-1DA8-42A8-9056-77B7608F4C18}.Release|Any CPU.Build.0 = Release|Any CPU
		{76EBF8CF-C46A-4D10-8517-1833DC7B7C8A}.Debug|Any CPU.ActiveCfg = Debug|Any CPU
		{76EBF8CF-C46A-4D10-8517-1833DC7B7C8A}.Debug|Any CPU.Build.0 = Debug|Any CPU
		{76EBF8CF-C46A-4D10-8517-1833DC7B7C8A}.Release|Any CPU.ActiveCfg = Release|Any CPU
		{76EBF8CF-C46A-4D10-8517-1833DC7B7C8A}.Release|Any CPU.Build.0 = Release|Any CPU
		{551325C1-7A31-4F5F-8417-0B596F49CDD7}.Debug|Any CPU.ActiveCfg = Debug|Any CPU
		{551325C1-7A31-4F5F-8417-0B596F49CDD7}.Debug|Any CPU.Build.0 = Debug|Any CPU
		{551325C1-7A31-4F5F-8417-0B596F49CDD7}.Release|Any CPU.ActiveCfg = Release|Any CPU
		{551325C1-7A31-4F5F-8417-0B596F49CDD7}.Release|Any CPU.Build.0 = Release|Any CPU
		{230402D5-0E2A-4B8B-96AC-FE233AD80F2F}.Debug|Any CPU.ActiveCfg = Debug|Any CPU
		{230402D5-0E2A-4B8B-96AC-FE233AD80F2F}.Debug|Any CPU.Build.0 = Debug|Any CPU
		{230402D5-0E2A-4B8B-96AC-FE233AD80F2F}.Release|Any CPU.ActiveCfg = Release|Any CPU
		{230402D5-0E2A-4B8B-96AC-FE233AD80F2F}.Release|Any CPU.Build.0 = Release|Any CPU
	EndGlobalSection
	GlobalSection(NestedProjects) = preSolution
		{4AA1134A-F432-48A0-8CDE-8F67DF674ECF} = {BB7DF96F-8639-48DB-876A-89F390F651EF}
		{24A94EC0-B657-4886-A088-20FE451E5B10} = {BB7DF96F-8639-48DB-876A-89F390F651EF}
		{12D7CE9E-1DA8-42A8-9056-77B7608F4C18} = {BB7DF96F-8639-48DB-876A-89F390F651EF}
		{76EBF8CF-C46A-4D10-8517-1833DC7B7C8A} = {BB7DF96F-8639-48DB-876A-89F390F651EF}
		{551325C1-7A31-4F5F-8417-0B596F49CDD7} = {BB7DF96F-8639-48DB-876A-89F390F651EF}
		{230402D5-0E2A-4B8B-96AC-FE233AD80F2F} = {C8A94D59-AF6A-4F15-95A9-C63F9F63812B}
	EndGlobalSection
EndGlobal
